
Microsoft Visual Studio Solution File, Format Version 12.00
# Visual Studio Version 17
VisualStudioVersion = 17.5.002.0
MinimumVisualStudioVersion = 10.0.40219.1
Project("{9A19103F-16F7-4668-BE54-9A1E7A4F7556}") = "Exo.WebApi", "Exo.WebApi.csproj", "{A855CCBC-E7A3-428D-A95F-C4E0ADE005E2}"
EndProject
Global
	GlobalSection(SolutionConfigurationPlatforms) = preSolution
		Debug|Any CPU = Debug|Any CPU
		Release|Any CPU = Release|Any CPU
	EndGlobalSection
	GlobalSection(ProjectConfigurationPlatforms) = postSolution
		{A855CCBC-E7A3-428D-A95F-C4E0ADE005E2}.Debug|Any CPU.ActiveCfg = Debug|Any CPU
		{A855CCBC-E7A3-428D-A95F-C4E0ADE005E2}.Debug|Any CPU.Build.0 = Debug|Any CPU
		{A855CCBC-E7A3-428D-A95F-C4E0ADE005E2}.Release|Any CPU.ActiveCfg = Release|Any CPU
		{A855CCBC-E7A3-428D-A95F-C4E0ADE005E2}.Release|Any CPU.Build.0 = Release|Any CPU
	EndGlobalSection
	GlobalSection(SolutionProperties) = preSolution
		HideSolutionNode = FALSE
	EndGlobalSection
	GlobalSection(ExtensibilityGlobals) = postSolution
		SolutionGuid = {130EC9FD-275D-422D-8A3A-DE9CEDBB22E6}
	EndGlobalSection
EndGlobal
